// !$*UTF8*$!
{
	archiveVersion = 1;
	classes = {
	};
	objectVersion = 46;
	objects = {

/* Begin PBXBuildFile section */
		3C15802E26F96239004AEA60 /* Images.xcassets in Resources */ = {isa = PBXBuildFile; fileRef = 3C15802726F96239004AEA60 /* Images.xcassets */; };
		3C15803426F96295004AEA60 /* AppDelegate.swift in Sources */ = {isa = PBXBuildFile; fileRef = 3C15803226F96295004AEA60 /* AppDelegate.swift */; };
		3C15803526F96295004AEA60 /* ViewController.swift in Sources */ = {isa = PBXBuildFile; fileRef = 3C15803326F96295004AEA60 /* ViewController.swift */; };
		8E3FE21118B3C729002533DF /* Foundation.framework in Frameworks */ = {isa = PBXBuildFile; fileRef = 8E3FE21018B3C729002533DF /* Foundation.framework */; };
		8E3FE21318B3C729002533DF /* CoreGraphics.framework in Frameworks */ = {isa = PBXBuildFile; fileRef = 8E3FE21218B3C729002533DF /* CoreGraphics.framework */; };
		8E3FE21518B3C729002533DF /* UIKit.framework in Frameworks */ = {isa = PBXBuildFile; fileRef = 8E3FE21418B3C729002533DF /* UIKit.framework */; };
		B212A5331E9BE7E800011258 /* IDmeWebVerify.framework in Frameworks */ = {isa = PBXBuildFile; fileRef = B265B1D41E93F27D00833DC5 /* IDmeWebVerify.framework */; };
		B212A5341E9BE7E800011258 /* IDmeWebVerify.framework in Embed Frameworks */ = {isa = PBXBuildFile; fileRef = B265B1D41E93F27D00833DC5 /* IDmeWebVerify.framework */; settings = {ATTRIBUTES = (CodeSignOnCopy, RemoveHeadersOnCopy, ); }; };
/* End PBXBuildFile section */

/* Begin PBXContainerItemProxy section */
		B212A5351E9BE7E800011258 /* PBXContainerItemProxy */ = {
			isa = PBXContainerItemProxy;
			containerPortal = B265B1CF1E93F27C00833DC5 /* IDmeWebVerify.xcodeproj */;
			proxyType = 1;
			remoteGlobalIDString = B265B18B1E93E97400833DC5;
			remoteInfo = IDmeWebVerify;
		};
		B265B1D31E93F27D00833DC5 /* PBXContainerItemProxy */ = {
			isa = PBXContainerItemProxy;
			containerPortal = B265B1CF1E93F27C00833DC5 /* IDmeWebVerify.xcodeproj */;
			proxyType = 2;
			remoteGlobalIDString = B265B18C1E93E97400833DC5;
			remoteInfo = IDmeWebVerify;
		};
/* End PBXContainerItemProxy section */

/* Begin PBXCopyFilesBuildPhase section */
		B212A5371E9BE7E800011258 /* Embed Frameworks */ = {
			isa = PBXCopyFilesBuildPhase;
			buildActionMask = 2147483647;
			dstPath = "";
			dstSubfolderSpec = 10;
			files = (
				B212A5341E9BE7E800011258 /* IDmeWebVerify.framework in Embed Frameworks */,
			);
			name = "Embed Frameworks";
			runOnlyForDeploymentPostprocessing = 0;
		};
/* End PBXCopyFilesBuildPhase section */

/* Begin PBXFileReference section */
		3C15802726F96239004AEA60 /* Images.xcassets */ = {isa = PBXFileReference; lastKnownFileType = folder.assetcatalog; path = Images.xcassets; sourceTree = "<group>"; };
		3C15802926F96239004AEA60 /* Info.plist */ = {isa = PBXFileReference; fileEncoding = 4; lastKnownFileType = text.plist.xml; path = Info.plist; sourceTree = "<group>"; };
		3C15803226F96295004AEA60 /* AppDelegate.swift */ = {isa = PBXFileReference; fileEncoding = 4; lastKnownFileType = sourcecode.swift; path = AppDelegate.swift; sourceTree = "<group>"; };
		3C15803326F96295004AEA60 /* ViewController.swift */ = {isa = PBXFileReference; fileEncoding = 4; lastKnownFileType = sourcecode.swift; path = ViewController.swift; sourceTree = "<group>"; };
		8E3FE20D18B3C729002533DF /* Example.app */ = {isa = PBXFileReference; explicitFileType = wrapper.application; includeInIndex = 0; path = Example.app; sourceTree = BUILT_PRODUCTS_DIR; };
		8E3FE21018B3C729002533DF /* Foundation.framework */ = {isa = PBXFileReference; lastKnownFileType = wrapper.framework; name = Foundation.framework; path = System/Library/Frameworks/Foundation.framework; sourceTree = SDKROOT; };
		8E3FE21218B3C729002533DF /* CoreGraphics.framework */ = {isa = PBXFileReference; lastKnownFileType = wrapper.framework; name = CoreGraphics.framework; path = System/Library/Frameworks/CoreGraphics.framework; sourceTree = SDKROOT; };
		8E3FE21418B3C729002533DF /* UIKit.framework */ = {isa = PBXFileReference; lastKnownFileType = wrapper.framework; name = UIKit.framework; path = System/Library/Frameworks/UIKit.framework; sourceTree = SDKROOT; };
		B265B1CF1E93F27C00833DC5 /* IDmeWebVerify.xcodeproj */ = {isa = PBXFileReference; lastKnownFileType = "wrapper.pb-project"; path = IDmeWebVerify.xcodeproj; sourceTree = "<group>"; };
/* End PBXFileReference section */

/* Begin PBXFrameworksBuildPhase section */
		8E3FE20A18B3C729002533DF /* Frameworks */ = {
			isa = PBXFrameworksBuildPhase;
			buildActionMask = 2147483647;
			files = (
				8E3FE21318B3C729002533DF /* CoreGraphics.framework in Frameworks */,
				8E3FE21518B3C729002533DF /* UIKit.framework in Frameworks */,
				8E3FE21118B3C729002533DF /* Foundation.framework in Frameworks */,
				B212A5331E9BE7E800011258 /* IDmeWebVerify.framework in Frameworks */,
			);
			runOnlyForDeploymentPostprocessing = 0;
		};
/* End PBXFrameworksBuildPhase section */

/* Begin PBXGroup section */
		3C15802026F96239004AEA60 /* Example */ = {
			isa = PBXGroup;
			children = (
				3C15803226F96295004AEA60 /* AppDelegate.swift */,
				3C15803326F96295004AEA60 /* ViewController.swift */,
				3C15803126F9624B004AEA60 /* SupportingFiles */,
			);
			name = Example;
			path = Example/Example;
			sourceTree = "<group>";
		};
		3C15803126F9624B004AEA60 /* SupportingFiles */ = {
			isa = PBXGroup;
			children = (
				3C15802726F96239004AEA60 /* Images.xcassets */,
				3C15802926F96239004AEA60 /* Info.plist */,
			);
			name = SupportingFiles;
			sourceTree = "<group>";
		};
		8E3FE20418B3C729002533DF = {
			isa = PBXGroup;
			children = (
				3C15802026F96239004AEA60 /* Example */,
				8E3FE20F18B3C729002533DF /* Frameworks */,
				8E3FE20E18B3C729002533DF /* Products */,
				B265B1CF1E93F27C00833DC5 /* IDmeWebVerify.xcodeproj */,
			);
			sourceTree = "<group>";
		};
		8E3FE20E18B3C729002533DF /* Products */ = {
			isa = PBXGroup;
			children = (
				8E3FE20D18B3C729002533DF /* Example.app */,
			);
			name = Products;
			sourceTree = "<group>";
		};
		8E3FE20F18B3C729002533DF /* Frameworks */ = {
			isa = PBXGroup;
			children = (
				8E3FE21218B3C729002533DF /* CoreGraphics.framework */,
				8E3FE21018B3C729002533DF /* Foundation.framework */,
				8E3FE21418B3C729002533DF /* UIKit.framework */,
			);
			name = Frameworks;
			sourceTree = "<group>";
		};
		B265B1D01E93F27C00833DC5 /* Products */ = {
			isa = PBXGroup;
			children = (
				B265B1D41E93F27D00833DC5 /* IDmeWebVerify.framework */,
			);
			name = Products;
			sourceTree = "<group>";
		};
/* End PBXGroup section */

/* Begin PBXNativeTarget section */
		8E3FE20C18B3C729002533DF /* Example */ = {
			isa = PBXNativeTarget;
			buildConfigurationList = 8E3FE23F18B3C729002533DF /* Build configuration list for PBXNativeTarget "Example" */;
			buildPhases = (
				8E3FE20918B3C729002533DF /* Sources */,
				8E3FE20A18B3C729002533DF /* Frameworks */,
				8E3FE20B18B3C729002533DF /* Resources */,
				B212A5371E9BE7E800011258 /* Embed Frameworks */,
			);
			buildRules = (
			);
			dependencies = (
				B212A5361E9BE7E800011258 /* PBXTargetDependency */,
			);
			name = Example;
			productName = WebVerifySample;
			productReference = 8E3FE20D18B3C729002533DF /* Example.app */;
			productType = "com.apple.product-type.application";
		};
/* End PBXNativeTarget section */

/* Begin PBXProject section */
		8E3FE20518B3C729002533DF /* Project object */ = {
			isa = PBXProject;
			attributes = {
				LastUpgradeCheck = 0820;
				ORGANIZATIONNAME = "ID.me, Inc.";
				TargetAttributes = {
					8E3FE20C18B3C729002533DF = {
						LastSwiftMigration = 1250;
						ProvisioningStyle = Automatic;
					};
				};
			};
			buildConfigurationList = 8E3FE20818B3C729002533DF /* Build configuration list for PBXProject "Example" */;
			compatibilityVersion = "Xcode 3.2";
			developmentRegion = English;
			hasScannedForEncodings = 0;
			knownRegions = (
				English,
				en,
				Base,
			);
			mainGroup = 8E3FE20418B3C729002533DF;
			productRefGroup = 8E3FE20E18B3C729002533DF /* Products */;
			projectDirPath = "";
			projectReferences = (
				{
					ProductGroup = B265B1D01E93F27C00833DC5 /* Products */;
					ProjectRef = B265B1CF1E93F27C00833DC5 /* IDmeWebVerify.xcodeproj */;
				},
			);
			projectRoot = "";
			targets = (
				8E3FE20C18B3C729002533DF /* Example */,
			);
		};
/* End PBXProject section */

/* Begin PBXReferenceProxy section */
		B265B1D41E93F27D00833DC5 /* IDmeWebVerify.framework */ = {
			isa = PBXReferenceProxy;
			fileType = wrapper.framework;
			path = IDmeWebVerify.framework;
			remoteRef = B265B1D31E93F27D00833DC5 /* PBXContainerItemProxy */;
			sourceTree = BUILT_PRODUCTS_DIR;
		};
/* End PBXReferenceProxy section */

/* Begin PBXResourcesBuildPhase section */
		8E3FE20B18B3C729002533DF /* Resources */ = {
			isa = PBXResourcesBuildPhase;
			buildActionMask = 2147483647;
			files = (
				3C15802E26F96239004AEA60 /* Images.xcassets in Resources */,
			);
			runOnlyForDeploymentPostprocessing = 0;
		};
/* End PBXResourcesBuildPhase section */

/* Begin PBXSourcesBuildPhase section */
		8E3FE20918B3C729002533DF /* Sources */ = {
			isa = PBXSourcesBuildPhase;
			buildActionMask = 2147483647;
			files = (
				3C15803526F96295004AEA60 /* ViewController.swift in Sources */,
				3C15803426F96295004AEA60 /* AppDelegate.swift in Sources */,
			);
			runOnlyForDeploymentPostprocessing = 0;
		};
/* End PBXSourcesBuildPhase section */

/* Begin PBXTargetDependency section */
		B212A5361E9BE7E800011258 /* PBXTargetDependency */ = {
			isa = PBXTargetDependency;
			name = IDmeWebVerify;
			targetProxy = B212A5351E9BE7E800011258 /* PBXContainerItemProxy */;
		};
/* End PBXTargetDependency section */

/* Begin XCBuildConfiguration section */
		8E3FE23D18B3C729002533DF /* Debug */ = {
			isa = XCBuildConfiguration;
			buildSettings = {
				ALWAYS_SEARCH_USER_PATHS = NO;
				CLANG_CXX_LANGUAGE_STANDARD = "gnu++0x";
				CLANG_CXX_LIBRARY = "libc++";
				CLANG_ENABLE_MODULES = YES;
				CLANG_ENABLE_OBJC_ARC = YES;
				CLANG_WARN_BOOL_CONVERSION = YES;
				CLANG_WARN_CONSTANT_CONVERSION = YES;
				CLANG_WARN_DIRECT_OBJC_ISA_USAGE = YES_ERROR;
				CLANG_WARN_EMPTY_BODY = YES;
				CLANG_WARN_ENUM_CONVERSION = YES;
				CLANG_WARN_INFINITE_RECURSION = YES;
				CLANG_WARN_INT_CONVERSION = YES;
				CLANG_WARN_OBJC_ROOT_CLASS = YES_ERROR;
				CLANG_WARN_SUSPICIOUS_MOVE = YES;
				CLANG_WARN_UNREACHABLE_CODE = YES;
				CLANG_WARN__DUPLICATE_METHOD_MATCH = YES;
				"CODE_SIGN_IDENTITY[sdk=iphoneos*]" = "iPhone Developer";
				COPY_PHASE_STRIP = NO;
				ENABLE_STRICT_OBJC_MSGSEND = YES;
				ENABLE_TESTABILITY = YES;
				GCC_C_LANGUAGE_STANDARD = gnu99;
				GCC_DYNAMIC_NO_PIC = NO;
				GCC_NO_COMMON_BLOCKS = YES;
				GCC_OPTIMIZATION_LEVEL = 0;
				GCC_PREPROCESSOR_DEFINITIONS = (
					"DEBUG=1",
					"$(inherited)",
				);
				GCC_SYMBOLS_PRIVATE_EXTERN = NO;
				GCC_WARN_64_TO_32_BIT_CONVERSION = YES;
				GCC_WARN_ABOUT_RETURN_TYPE = YES_ERROR;
				GCC_WARN_UNDECLARED_SELECTOR = YES;
				GCC_WARN_UNINITIALIZED_AUTOS = YES;
				GCC_WARN_UNUSED_FUNCTION = YES;
				GCC_WARN_UNUSED_VARIABLE = YES;
				IPHONEOS_DEPLOYMENT_TARGET = 12.1;
				ONLY_ACTIVE_ARCH = YES;
				SDKROOT = iphoneos;
			};
			name = Debug;
		};
		8E3FE23E18B3C729002533DF /* Release */ = {
			isa = XCBuildConfiguration;
			buildSettings = {
				ALWAYS_SEARCH_USER_PATHS = NO;
				CLANG_CXX_LANGUAGE_STANDARD = "gnu++0x";
				CLANG_CXX_LIBRARY = "libc++";
				CLANG_ENABLE_MODULES = YES;
				CLANG_ENABLE_OBJC_ARC = YES;
				CLANG_WARN_BOOL_CONVERSION = YES;
				CLANG_WARN_CONSTANT_CONVERSION = YES;
				CLANG_WARN_DIRECT_OBJC_ISA_USAGE = YES_ERROR;
				CLANG_WARN_EMPTY_BODY = YES;
				CLANG_WARN_ENUM_CONVERSION = YES;
				CLANG_WARN_INFINITE_RECURSION = YES;
				CLANG_WARN_INT_CONVERSION = YES;
				CLANG_WARN_OBJC_ROOT_CLASS = YES_ERROR;
				CLANG_WARN_SUSPICIOUS_MOVE = YES;
				CLANG_WARN_UNREACHABLE_CODE = YES;
				CLANG_WARN__DUPLICATE_METHOD_MATCH = YES;
				"CODE_SIGN_IDENTITY[sdk=iphoneos*]" = "iPhone Developer";
				COPY_PHASE_STRIP = YES;
				ENABLE_NS_ASSERTIONS = NO;
				ENABLE_STRICT_OBJC_MSGSEND = YES;
				GCC_C_LANGUAGE_STANDARD = gnu99;
				GCC_NO_COMMON_BLOCKS = YES;
				GCC_WARN_64_TO_32_BIT_CONVERSION = YES;
				GCC_WARN_ABOUT_RETURN_TYPE = YES_ERROR;
				GCC_WARN_UNDECLARED_SELECTOR = YES;
				GCC_WARN_UNINITIALIZED_AUTOS = YES;
				GCC_WARN_UNUSED_FUNCTION = YES;
				GCC_WARN_UNUSED_VARIABLE = YES;
				IPHONEOS_DEPLOYMENT_TARGET = 12.1;
				SDKROOT = iphoneos;
				VALIDATE_PRODUCT = YES;
			};
			name = Release;
		};
		8E3FE24018B3C729002533DF /* Debug */ = {
			isa = XCBuildConfiguration;
			buildSettings = {
				ASSETCATALOG_COMPILER_APPICON_NAME = AppIcon;
				ASSETCATALOG_COMPILER_LAUNCHIMAGE_NAME = "Brand Assets";
				CLANG_ENABLE_MODULES = YES;
				CODE_SIGN_IDENTITY = "";
				"CODE_SIGN_IDENTITY[sdk=iphoneos*]" = "iPhone Developer";
				DEVELOPMENT_TEAM = "";
				FRAMEWORK_SEARCH_PATHS = (
					"$(inherited)",
					"$(PROJECT_DIR)",
					"$(PROJECT_DIR)/build/Debug-iphoneos",
				);
				GCC_PRECOMPILE_PREFIX_HEADER = YES;
				GCC_PREFIX_HEADER = "$(SRCROOT)/Example/Example/WebVerifySample-Prefix.pch";
				HEADER_SEARCH_PATHS = "$(PROJECT_DIR)/Source";
				INFOPLIST_FILE = "$(SRCROOT)/Example/Example/Info.plist";
				IPHONEOS_DEPLOYMENT_TARGET = 12.1;
				LD_RUNPATH_SEARCH_PATHS = "$(inherited) @executable_path/Frameworks";
				PRODUCT_BUNDLE_IDENTIFIER = me.id.Example;
				PRODUCT_NAME = "$(TARGET_NAME)";
				PROVISIONING_PROFILE = "";
				SWIFT_OPTIMIZATION_LEVEL = "-Onone";
				SWIFT_VERSION = 5.0;
				TARGETED_DEVICE_FAMILY = 1;
				WRAPPER_EXTENSION = app;
			};
			name = Debug;
		};
		8E3FE24118B3C729002533DF /* Release */ = {
			isa = XCBuildConfiguration;
			buildSettings = {
				ASSETCATALOG_COMPILER_APPICON_NAME = AppIcon;
				ASSETCATALOG_COMPILER_LAUNCHIMAGE_NAME = "Brand Assets";
				CLANG_ENABLE_MODULES = YES;
				CODE_SIGN_IDENTITY = "";
				"CODE_SIGN_IDENTITY[sdk=iphoneos*]" = "iPhone Developer";
				DEVELOPMENT_TEAM = "";
				FRAMEWORK_SEARCH_PATHS = (
					"$(inherited)",
					"$(PROJECT_DIR)",
					"$(PROJECT_DIR)/build/Debug-iphoneos",
				);
				GCC_PRECOMPILE_PREFIX_HEADER = YES;
				GCC_PREFIX_HEADER = "$(SRCROOT)/Example/Example/WebVerifySample-Prefix.pch";
				HEADER_SEARCH_PATHS = "$(PROJECT_DIR)/Source";
				INFOPLIST_FILE = "$(SRCROOT)/Example/Example/Info.plist";
				IPHONEOS_DEPLOYMENT_TARGET = 12.1;
				LD_RUNPATH_SEARCH_PATHS = "$(inherited) @executable_path/Frameworks";
				PRODUCT_BUNDLE_IDENTIFIER = me.id.Example;
				PRODUCT_NAME = "$(TARGET_NAME)";
				PROVISIONING_PROFILE = "";
				SWIFT_VERSION = 5.0;
				TARGETED_DEVICE_FAMILY = 1;
				WRAPPER_EXTENSION = app;
			};
			name = Release;
		};
/* End XCBuildConfiguration section */

/* Begin XCConfigurationList section */
		8E3FE20818B3C729002533DF /* Build configuration list for PBXProject "Example" */ = {
			isa = XCConfigurationList;
			buildConfigurations = (
				8E3FE23D18B3C729002533DF /* Debug */,
				8E3FE23E18B3C729002533DF /* Release */,
			);
			defaultConfigurationIsVisible = 0;
			defaultConfigurationName = Release;
		};
		8E3FE23F18B3C729002533DF /* Build configuration list for PBXNativeTarget "Example" */ = {
			isa = XCConfigurationList;
			buildConfigurations = (
				8E3FE24018B3C729002533DF /* Debug */,
				8E3FE24118B3C729002533DF /* Release */,
			);
			defaultConfigurationIsVisible = 0;
			defaultConfigurationName = Release;
		};
/* End XCConfigurationList section */
	};
	rootObject = 8E3FE20518B3C729002533DF /* Project object */;
}
